PODS:
  - JXCategoryViewExt/Core (1.0.2)
  - JXCategoryViewExt/DotZoom (1.0.2):
    - JXCategoryViewExt/Title
  - JXCategoryViewExt/Indicator/Background (1.0.2):
    - JXCategoryViewExt/Core
  - JXCategoryViewExt/Title (1.0.2):
    - JXCategoryViewExt/Core

DEPENDENCIES:
  - JXCategoryViewExt/DotZoom (from `../../JXCategoryViewExt`)
  - JXCategoryViewExt/Indicator/Background (from `../../JXCategoryViewExt`)

EXTERNAL SOURCES:
  JXCategoryViewExt:
    :path: "../../JXCategoryViewExt"

SPEC CHECKSUMS:
  JXCategoryViewExt: c0b9f23d5b0ded64c8f1ac7b84d682c6ac76af1b

PODFILE CHECKSUM: 9d5bfec647279d1f7ecfc3f7f6e54f5979f301b8

COCOAPODS: 1.10.0
