PODS:
  - JXCategoryViewExt/Core (1.0.8)
  - JXCategoryViewExt/DotZoom (1.0.8):
    - JXCategoryViewExt/Title
  - JXCategoryViewExt/Indicator/AlignmentLine (1.0.8):
    - JXCategoryViewExt/Indicator/Line
  - JXCategoryViewExt/Indicator/Background (1.0.8):
    - JXCategoryViewExt/Core
  - JXCategoryViewExt/Indicator/Line (1.0.8):
    - JXCategoryViewExt/Core
  - JXCategoryViewExt/SubTitle (1.0.8):
    - JXCategoryViewExt/Title
  - JXCategoryViewExt/Title (1.0.8):
    - JXCategoryViewExt/Core
  - JXCategoryViewExt/TitleImage (1.0.8):
    - JXCategoryViewExt/Title

DEPENDENCIES:
  - JXCategoryViewExt/DotZoom (from `../../JXCategoryViewExt`)
  - JXCategoryViewExt/Indicator/AlignmentLine (from `../../JXCategoryViewExt`)
  - JXCategoryViewExt/Indicator/Background (from `../../JXCategoryViewExt`)
  - JXCategoryViewExt/SubTitle (from `../../JXCategoryViewExt`)
  - JXCategoryViewExt/TitleImage (from `../../JXCategoryViewExt`)

EXTERNAL SOURCES:
  JXCategoryViewExt:
    :path: "../../JXCategoryViewExt"

SPEC CHECKSUMS:
  JXCategoryViewExt: ca2b1f2238f8e8c05db96321742669525456832f

PODFILE CHECKSUM: 75ccd3f1a0c28b407ed9d4d4b0cd31f7c8817f87

COCOAPODS: 1.10.1
