PODS:
  - JXCategoryViewExt/Badge (1.2.2):
    - JXCategoryViewExt/Title
  - JXCategoryViewExt/Core (1.2.2)
  - JXCategoryViewExt/Dot (1.2.2):
    - JXCategoryViewExt/Title
  - JXCategoryViewExt/DotZoom (1.2.2):
    - JXCategoryViewExt/Title
  - JXCategoryViewExt/Image (1.2.2):
    - JXCategoryViewExt/Core
  - JXCategoryViewExt/Indicator/AlignmentLine (1.2.2):
    - JXCategoryViewExt/Indicator/Line
  - JXCategoryViewExt/Indicator/Background (1.2.2):
    - JXCategoryViewExt/Core
  - JXCategoryViewExt/Indicator/Line (1.2.2):
    - JXCategoryViewExt/Core
  - JXCategoryViewExt/Number (1.2.2):
    - JXCategoryViewExt/Title
  - JXCategoryViewExt/SubTitle (1.2.2):
    - JXCategoryViewExt/Title
  - JXCategoryViewExt/SubTitleImage (1.2.2):
    - JXCategoryViewExt/SubTitle
  - JXCategoryViewExt/Title (1.2.2):
    - JXCategoryViewExt/Core
  - JXCategoryViewExt/TitleImage (1.2.2):
    - JXCategoryViewExt/Title
  - JXCategoryViewExt/VerticalZoomTitle (1.2.2):
    - JXCategoryViewExt/Title
  - SDWebImage (5.11.1):
    - SDWebImage/Core (= 5.11.1)
  - SDWebImage/Core (5.11.1)

DEPENDENCIES:
  - JXCategoryViewExt/Badge (from `../../JXCategoryViewExt`)
  - JXCategoryViewExt/Dot (from `../../JXCategoryViewExt`)
  - JXCategoryViewExt/DotZoom (from `../../JXCategoryViewExt`)
  - JXCategoryViewExt/Image (from `../../JXCategoryViewExt`)
  - JXCategoryViewExt/Indicator/AlignmentLine (from `../../JXCategoryViewExt`)
  - JXCategoryViewExt/Indicator/Background (from `../../JXCategoryViewExt`)
  - JXCategoryViewExt/Number (from `../../JXCategoryViewExt`)
  - JXCategoryViewExt/SubTitle (from `../../JXCategoryViewExt`)
  - JXCategoryViewExt/SubTitleImage (from `../../JXCategoryViewExt`)
  - JXCategoryViewExt/TitleImage (from `../../JXCategoryViewExt`)
  - JXCategoryViewExt/VerticalZoomTitle (from `../../JXCategoryViewExt`)
  - SDWebImage

SPEC REPOS:
  trunk:
    - SDWebImage

EXTERNAL SOURCES:
  JXCategoryViewExt:
    :path: "../../JXCategoryViewExt"

SPEC CHECKSUMS:
  JXCategoryViewExt: 5e8c00bd3f031d6ed403a95050cd1af30b847f77
  SDWebImage: a7f831e1a65eb5e285e3fb046a23fcfbf08e696d

PODFILE CHECKSUM: c7d032451f2c107d33218ed2644c3d20c666a069

COCOAPODS: 1.15.2
